
Microsoft Visual Studio Solution File, Format Version 12.00
# Visual Studio 14
VisualStudioVersion = 14.0.24720.0
MinimumVisualStudioVersion = 10.0.40219.1
Project("{FAE04EC0-301F-11D3-BF4B-00C04F79EFBC}") = "CH3", "CH3\CH3.csproj", "{07AF8E0B-61C4-4F64-ADB2-2442A5871F55}"
EndProject
Project("{2150E333-8FDC-42A3-9474-1A3956D46DE8}") = "Solution Items", "Solution Items", "{7C3B503D-8212-499C-B0F4-31C93074E77D}"
	ProjectSection(SolutionItems) = preProject
		CH3\libs\SFML.Net-2.2\extlibs\csfml-audio-2.dll = CH3\libs\SFML.Net-2.2\extlibs\csfml-audio-2.dll
		CH3\libs\SFML.Net-2.2\extlibs\csfml-graphics-2.dll = CH3\libs\SFML.Net-2.2\extlibs\csfml-graphics-2.dll
		CH3\libs\SFML.Net-2.2\extlibs\csfml-system-2.dll = CH3\libs\SFML.Net-2.2\extlibs\csfml-system-2.dll
		CH3\libs\SFML.Net-2.2\extlibs\csfml-window-2.dll = CH3\libs\SFML.Net-2.2\extlibs\csfml-window-2.dll
		CH3\libs\SFML.Net-2.2\extlibs\libsndfile-1.dll = CH3\libs\SFML.Net-2.2\extlibs\libsndfile-1.dll
		CH3\libs\SFML.Net-2.2\extlibs\openal32.dll = CH3\libs\SFML.Net-2.2\extlibs\openal32.dll
		CH3\libs\OpenGL.dll = CH3\libs\OpenGL.dll
		CH3\libs\SFML.Net-2.2\extlibs\OpenTK.Compatibility.dll = CH3\libs\SFML.Net-2.2\extlibs\OpenTK.Compatibility.dll
		CH3\libs\SFML.Net-2.2\extlibs\OpenTK.dll = CH3\libs\SFML.Net-2.2\extlibs\OpenTK.dll
	EndProjectSection
EndProject
Project("{FAE04EC0-301F-11D3-BF4B-00C04F79EFBC}") = "Pencil.Gaming", "..\..\..\..\Source\Repos\Pencil.Gaming\Pencil.Gaming\Pencil.Gaming.csproj", "{DDB6DB6D-E5DE-4BDB-8AC8-26DF800E9FF0}"
EndProject
Project("{FAE04EC0-301F-11D3-BF4B-00C04F79EFBC}") = "glTFLoader", "..\..\..\..\Source\Repos\glTF\loaders\CSharp\glTFLoader\glTFLoader.csproj", "{C2F2E13B-594F-4592-A2D4-F44BBCE65F90}"
EndProject
Global
	GlobalSection(SolutionConfigurationPlatforms) = preSolution
		Compatibility-GLFW2|Any CPU = Compatibility-GLFW2|Any CPU
		Compatibility-GLFW2|x64 = Compatibility-GLFW2|x64
		Compatibility-GLFW2|x86 = Compatibility-GLFW2|x86
		Compatibility-GLFW3|Any CPU = Compatibility-GLFW3|Any CPU
		Compatibility-GLFW3|x64 = Compatibility-GLFW3|x64
		Compatibility-GLFW3|x86 = Compatibility-GLFW3|x86
		Core-GLFW2|Any CPU = Core-GLFW2|Any CPU
		Core-GLFW2|x64 = Core-GLFW2|x64
		Core-GLFW2|x86 = Core-GLFW2|x86
		Core-GLFW3|Any CPU = Core-GLFW3|Any CPU
		Core-GLFW3|x64 = Core-GLFW3|x64
		Core-GLFW3|x86 = Core-GLFW3|x86
		Debug|Any CPU = Debug|Any CPU
		Debug|x64 = Debug|x64
		Debug|x86 = Debug|x86
		Release|Any CPU = Release|Any CPU
		Release|x64 = Release|x64
		Release|x86 = Release|x86
	EndGlobalSection
	GlobalSection(ProjectConfigurationPlatforms) = postSolution
		{07AF8E0B-61C4-4F64-ADB2-2442A5871F55}.Compatibility-GLFW2|Any CPU.ActiveCfg = Release|Any CPU
		{07AF8E0B-61C4-4F64-ADB2-2442A5871F55}.Compatibility-GLFW2|Any CPU.Build.0 = Release|Any CPU
		{07AF8E0B-61C4-4F64-ADB2-2442A5871F55}.Compatibility-GLFW2|x64.ActiveCfg = Release|Any CPU
		{07AF8E0B-61C4-4F64-ADB2-2442A5871F55}.Compatibility-GLFW2|x64.Build.0 = Release|Any CPU
		{07AF8E0B-61C4-4F64-ADB2-2442A5871F55}.Compatibility-GLFW2|x86.ActiveCfg = Release|Any CPU
		{07AF8E0B-61C4-4F64-ADB2-2442A5871F55}.Compatibility-GLFW2|x86.Build.0 = Release|Any CPU
		{07AF8E0B-61C4-4F64-ADB2-2442A5871F55}.Compatibility-GLFW3|Any CPU.ActiveCfg = Release|Any CPU
		{07AF8E0B-61C4-4F64-ADB2-2442A5871F55}.Compatibility-GLFW3|Any CPU.Build.0 = Release|Any CPU
		{07AF8E0B-61C4-4F64-ADB2-2442A5871F55}.Compatibility-GLFW3|x64.ActiveCfg = Release|Any CPU
		{07AF8E0B-61C4-4F64-ADB2-2442A5871F55}.Compatibility-GLFW3|x64.Build.0 = Release|Any CPU
		{07AF8E0B-61C4-4F64-ADB2-2442A5871F55}.Compatibility-GLFW3|x86.ActiveCfg = Release|Any CPU
		{07AF8E0B-61C4-4F64-ADB2-2442A5871F55}.Compatibility-GLFW3|x86.Build.0 = Release|Any CPU
		{07AF8E0B-61C4-4F64-ADB2-2442A5871F55}.Core-GLFW2|Any CPU.ActiveCfg = Release|Any CPU
		{07AF8E0B-61C4-4F64-ADB2-2442A5871F55}.Core-GLFW2|Any CPU.Build.0 = Release|Any CPU
		{07AF8E0B-61C4-4F64-ADB2-2442A5871F55}.Core-GLFW2|x64.ActiveCfg = Release|Any CPU
		{07AF8E0B-61C4-4F64-ADB2-2442A5871F55}.Core-GLFW2|x64.Build.0 = Release|Any CPU
		{07AF8E0B-61C4-4F64-ADB2-2442A5871F55}.Core-GLFW2|x86.ActiveCfg = Release|Any CPU
		{07AF8E0B-61C4-4F64-ADB2-2442A5871F55}.Core-GLFW2|x86.Build.0 = Release|Any CPU
		{07AF8E0B-61C4-4F64-ADB2-2442A5871F55}.Core-GLFW3|Any CPU.ActiveCfg = Release|Any CPU
		{07AF8E0B-61C4-4F64-ADB2-2442A5871F55}.Core-GLFW3|Any CPU.Build.0 = Release|Any CPU
		{07AF8E0B-61C4-4F64-ADB2-2442A5871F55}.Core-GLFW3|x64.ActiveCfg = Release|Any CPU
		{07AF8E0B-61C4-4F64-ADB2-2442A5871F55}.Core-GLFW3|x64.Build.0 = Release|Any CPU
		{07AF8E0B-61C4-4F64-ADB2-2442A5871F55}.Core-GLFW3|x86.ActiveCfg = Release|Any CPU
		{07AF8E0B-61C4-4F64-ADB2-2442A5871F55}.Core-GLFW3|x86.Build.0 = Release|Any CPU
		{07AF8E0B-61C4-4F64-ADB2-2442A5871F55}.Debug|Any CPU.ActiveCfg = Debug|Any CPU
		{07AF8E0B-61C4-4F64-ADB2-2442A5871F55}.Debug|Any CPU.Build.0 = Debug|Any CPU
		{07AF8E0B-61C4-4F64-ADB2-2442A5871F55}.Debug|x64.ActiveCfg = Debug|Any CPU
		{07AF8E0B-61C4-4F64-ADB2-2442A5871F55}.Debug|x64.Build.0 = Debug|Any CPU
		{07AF8E0B-61C4-4F64-ADB2-2442A5871F55}.Debug|x86.ActiveCfg = Debug|Any CPU
		{07AF8E0B-61C4-4F64-ADB2-2442A5871F55}.Debug|x86.Build.0 = Debug|Any CPU
		{07AF8E0B-61C4-4F64-ADB2-2442A5871F55}.Release|Any CPU.ActiveCfg = Release|Any CPU
		{07AF8E0B-61C4-4F64-ADB2-2442A5871F55}.Release|Any CPU.Build.0 = Release|Any CPU
		{07AF8E0B-61C4-4F64-ADB2-2442A5871F55}.Release|x64.ActiveCfg = Release|Any CPU
		{07AF8E0B-61C4-4F64-ADB2-2442A5871F55}.Release|x64.Build.0 = Release|Any CPU
		{07AF8E0B-61C4-4F64-ADB2-2442A5871F55}.Release|x86.ActiveCfg = Release|Any CPU
		{07AF8E0B-61C4-4F64-ADB2-2442A5871F55}.Release|x86.Build.0 = Release|Any CPU
		{DDB6DB6D-E5DE-4BDB-8AC8-26DF800E9FF0}.Compatibility-GLFW2|Any CPU.ActiveCfg = Compatibility-GLFW2|Any CPU
		{DDB6DB6D-E5DE-4BDB-8AC8-26DF800E9FF0}.Compatibility-GLFW2|Any CPU.Build.0 = Compatibility-GLFW2|Any CPU
		{DDB6DB6D-E5DE-4BDB-8AC8-26DF800E9FF0}.Compatibility-GLFW2|x64.ActiveCfg = Compatibility-GLFW2|Any CPU
		{DDB6DB6D-E5DE-4BDB-8AC8-26DF800E9FF0}.Compatibility-GLFW2|x64.Build.0 = Compatibility-GLFW2|Any CPU
		{DDB6DB6D-E5DE-4BDB-8AC8-26DF800E9FF0}.Compatibility-GLFW2|x86.ActiveCfg = Compatibility-GLFW2|Any CPU
		{DDB6DB6D-E5DE-4BDB-8AC8-26DF800E9FF0}.Compatibility-GLFW2|x86.Build.0 = Compatibility-GLFW2|Any CPU
		{DDB6DB6D-E5DE-4BDB-8AC8-26DF800E9FF0}.Compatibility-GLFW3|Any CPU.ActiveCfg = Compatibility-GLFW3|Any CPU
		{DDB6DB6D-E5DE-4BDB-8AC8-26DF800E9FF0}.Compatibility-GLFW3|Any CPU.Build.0 = Compatibility-GLFW3|Any CPU
		{DDB6DB6D-E5DE-4BDB-8AC8-26DF800E9FF0}.Compatibility-GLFW3|x64.ActiveCfg = Compatibility-GLFW3|Any CPU
		{DDB6DB6D-E5DE-4BDB-8AC8-26DF800E9FF0}.Compatibility-GLFW3|x64.Build.0 = Compatibility-GLFW3|Any CPU
		{DDB6DB6D-E5DE-4BDB-8AC8-26DF800E9FF0}.Compatibility-GLFW3|x86.ActiveCfg = Compatibility-GLFW3|Any CPU
		{DDB6DB6D-E5DE-4BDB-8AC8-26DF800E9FF0}.Compatibility-GLFW3|x86.Build.0 = Compatibility-GLFW3|Any CPU
		{DDB6DB6D-E5DE-4BDB-8AC8-26DF800E9FF0}.Core-GLFW2|Any CPU.ActiveCfg = Core-GLFW2|Any CPU
		{DDB6DB6D-E5DE-4BDB-8AC8-26DF800E9FF0}.Core-GLFW2|Any CPU.Build.0 = Core-GLFW2|Any CPU
		{DDB6DB6D-E5DE-4BDB-8AC8-26DF800E9FF0}.Core-GLFW2|x64.ActiveCfg = Core-GLFW2|Any CPU
		{DDB6DB6D-E5DE-4BDB-8AC8-26DF800E9FF0}.Core-GLFW2|x64.Build.0 = Core-GLFW2|Any CPU
		{DDB6DB6D-E5DE-4BDB-8AC8-26DF800E9FF0}.Core-GLFW2|x86.ActiveCfg = Core-GLFW2|Any CPU
		{DDB6DB6D-E5DE-4BDB-8AC8-26DF800E9FF0}.Core-GLFW2|x86.Build.0 = Core-GLFW2|Any CPU
		{DDB6DB6D-E5DE-4BDB-8AC8-26DF800E9FF0}.Core-GLFW3|Any CPU.ActiveCfg = Core-GLFW3|Any CPU
		{DDB6DB6D-E5DE-4BDB-8AC8-26DF800E9FF0}.Core-GLFW3|Any CPU.Build.0 = Core-GLFW3|Any CPU
		{DDB6DB6D-E5DE-4BDB-8AC8-26DF800E9FF0}.Core-GLFW3|x64.ActiveCfg = Core-GLFW3|Any CPU
		{DDB6DB6D-E5DE-4BDB-8AC8-26DF800E9FF0}.Core-GLFW3|x64.Build.0 = Core-GLFW3|Any CPU
		{DDB6DB6D-E5DE-4BDB-8AC8-26DF800E9FF0}.Core-GLFW3|x86.ActiveCfg = Core-GLFW3|Any CPU
		{DDB6DB6D-E5DE-4BDB-8AC8-26DF800E9FF0}.Core-GLFW3|x86.Build.0 = Core-GLFW3|Any CPU
		{DDB6DB6D-E5DE-4BDB-8AC8-26DF800E9FF0}.Debug|Any CPU.ActiveCfg = Core-GLFW3|Any CPU
		{DDB6DB6D-E5DE-4BDB-8AC8-26DF800E9FF0}.Debug|Any CPU.Build.0 = Core-GLFW3|Any CPU
		{DDB6DB6D-E5DE-4BDB-8AC8-26DF800E9FF0}.Debug|x64.ActiveCfg = Core-GLFW3|Any CPU
		{DDB6DB6D-E5DE-4BDB-8AC8-26DF800E9FF0}.Debug|x64.Build.0 = Core-GLFW3|Any CPU
		{DDB6DB6D-E5DE-4BDB-8AC8-26DF800E9FF0}.Debug|x86.ActiveCfg = Core-GLFW3|Any CPU
		{DDB6DB6D-E5DE-4BDB-8AC8-26DF800E9FF0}.Debug|x86.Build.0 = Core-GLFW3|Any CPU
		{DDB6DB6D-E5DE-4BDB-8AC8-26DF800E9FF0}.Release|Any CPU.ActiveCfg = Core-GLFW3|Any CPU
		{DDB6DB6D-E5DE-4BDB-8AC8-26DF800E9FF0}.Release|Any CPU.Build.0 = Core-GLFW3|Any CPU
		{DDB6DB6D-E5DE-4BDB-8AC8-26DF800E9FF0}.Release|x64.ActiveCfg = Core-GLFW3|Any CPU
		{DDB6DB6D-E5DE-4BDB-8AC8-26DF800E9FF0}.Release|x64.Build.0 = Core-GLFW3|Any CPU
		{DDB6DB6D-E5DE-4BDB-8AC8-26DF800E9FF0}.Release|x86.ActiveCfg = Core-GLFW3|Any CPU
		{DDB6DB6D-E5DE-4BDB-8AC8-26DF800E9FF0}.Release|x86.Build.0 = Core-GLFW3|Any CPU
		{C2F2E13B-594F-4592-A2D4-F44BBCE65F90}.Compatibility-GLFW2|Any CPU.ActiveCfg = Release|Any CPU
		{C2F2E13B-594F-4592-A2D4-F44BBCE65F90}.Compatibility-GLFW2|Any CPU.Build.0 = Release|Any CPU
		{C2F2E13B-594F-4592-A2D4-F44BBCE65F90}.Compatibility-GLFW2|x64.ActiveCfg = Release|Any CPU
		{C2F2E13B-594F-4592-A2D4-F44BBCE65F90}.Compatibility-GLFW2|x64.Build.0 = Release|Any CPU
		{C2F2E13B-594F-4592-A2D4-F44BBCE65F90}.Compatibility-GLFW2|x86.ActiveCfg = Release|Any CPU
		{C2F2E13B-594F-4592-A2D4-F44BBCE65F90}.Compatibility-GLFW2|x86.Build.0 = Release|Any CPU
		{C2F2E13B-594F-4592-A2D4-F44BBCE65F90}.Compatibility-GLFW3|Any CPU.ActiveCfg = Release|Any CPU
		{C2F2E13B-594F-4592-A2D4-F44BBCE65F90}.Compatibility-GLFW3|Any CPU.Build.0 = Release|Any CPU
		{C2F2E13B-594F-4592-A2D4-F44BBCE65F90}.Compatibility-GLFW3|x64.ActiveCfg = Release|Any CPU
		{C2F2E13B-594F-4592-A2D4-F44BBCE65F90}.Compatibility-GLFW3|x64.Build.0 = Release|Any CPU
		{C2F2E13B-594F-4592-A2D4-F44BBCE65F90}.Compatibility-GLFW3|x86.ActiveCfg = Release|Any CPU
		{C2F2E13B-594F-4592-A2D4-F44BBCE65F90}.Compatibility-GLFW3|x86.Build.0 = Release|Any CPU
		{C2F2E13B-594F-4592-A2D4-F44BBCE65F90}.Core-GLFW2|Any CPU.ActiveCfg = Release|Any CPU
		{C2F2E13B-594F-4592-A2D4-F44BBCE65F90}.Core-GLFW2|Any CPU.Build.0 = Release|Any CPU
		{C2F2E13B-594F-4592-A2D4-F44BBCE65F90}.Core-GLFW2|x64.ActiveCfg = Release|Any CPU
		{C2F2E13B-594F-4592-A2D4-F44BBCE65F90}.Core-GLFW2|x64.Build.0 = Release|Any CPU
		{C2F2E13B-594F-4592-A2D4-F44BBCE65F90}.Core-GLFW2|x86.ActiveCfg = Release|Any CPU
		{C2F2E13B-594F-4592-A2D4-F44BBCE65F90}.Core-GLFW2|x86.Build.0 = Release|Any CPU
		{C2F2E13B-594F-4592-A2D4-F44BBCE65F90}.Core-GLFW3|Any CPU.ActiveCfg = Release|Any CPU
		{C2F2E13B-594F-4592-A2D4-F44BBCE65F90}.Core-GLFW3|Any CPU.Build.0 = Release|Any CPU
		{C2F2E13B-594F-4592-A2D4-F44BBCE65F90}.Core-GLFW3|x64.ActiveCfg = Release|Any CPU
		{C2F2E13B-594F-4592-A2D4-F44BBCE65F90}.Core-GLFW3|x64.Build.0 = Release|Any CPU
		{C2F2E13B-594F-4592-A2D4-F44BBCE65F90}.Core-GLFW3|x86.ActiveCfg = Release|Any CPU
		{C2F2E13B-594F-4592-A2D4-F44BBCE65F90}.Core-GLFW3|x86.Build.0 = Release|Any CPU
		{C2F2E13B-594F-4592-A2D4-F44BBCE65F90}.Debug|Any CPU.ActiveCfg = Debug|Any CPU
		{C2F2E13B-594F-4592-A2D4-F44BBCE65F90}.Debug|Any CPU.Build.0 = Debug|Any CPU
		{C2F2E13B-594F-4592-A2D4-F44BBCE65F90}.Debug|x64.ActiveCfg = Debug|Any CPU
		{C2F2E13B-594F-4592-A2D4-F44BBCE65F90}.Debug|x64.Build.0 = Debug|Any CPU
		{C2F2E13B-594F-4592-A2D4-F44BBCE65F90}.Debug|x86.ActiveCfg = Debug|Any CPU
		{C2F2E13B-594F-4592-A2D4-F44BBCE65F90}.Debug|x86.Build.0 = Debug|Any CPU
		{C2F2E13B-594F-4592-A2D4-F44BBCE65F90}.Release|Any CPU.ActiveCfg = Release|Any CPU
		{C2F2E13B-594F-4592-A2D4-F44BBCE65F90}.Release|Any CPU.Build.0 = Release|Any CPU
		{C2F2E13B-594F-4592-A2D4-F44BBCE65F90}.Release|x64.ActiveCfg = Release|Any CPU
		{C2F2E13B-594F-4592-A2D4-F44BBCE65F90}.Release|x64.Build.0 = Release|Any CPU
		{C2F2E13B-594F-4592-A2D4-F44BBCE65F90}.Release|x86.ActiveCfg = Release|Any CPU
		{C2F2E13B-594F-4592-A2D4-F44BBCE65F90}.Release|x86.Build.0 = Release|Any CPU
	EndGlobalSection
	GlobalSection(SolutionProperties) = preSolution
		HideSolutionNode = FALSE
	EndGlobalSection
EndGlobal
